{
  "name": "nanocodex-react",
  "version": "0.1.0",
  "lockfileVersion": 3,
  "requires": true,
  "packages": {
    "": {
      "name": "nanocodex-react",
      "version": "0.1.0",
      "license": "MIT OR Apache-2.0",
      "devDependencies": {
        "nanocodex": "file:../bindings",
        "react": "19.2.6"
      },
      "engines": {
        "node": ">=22.13.0"
      },
      "peerDependencies": {
        "nanocodex": "^0.3.0",
        "react": ">=18"
      }
    },
    "../bindings": {
      "name": "nanocodex",
      "version": "0.3.0",
      "dev": true,
      "license": "MIT OR Apache-2.0",
      "dependencies": {
        "ws": "^8.18.3"
      },
      "devDependencies": {
        "pkg-pr-new": "0.0.79",
        "typescript": "5.9.3"
      },
      "engines": {
        "node": ">=22.13.0"
      }
    },
    "node_modules/nanocodex": {
      "resolved": "../bindings",
      "link": true
    },
    "node_modules/react": {
      "version": "19.2.6",
      "resolved": "https://registry.npmjs.org/react/-/react-19.2.6.tgz",
      "integrity": "sha512-sfWGGfavi0xr8Pg0sVsyHMAOziVYKgPLNrS7ig+ivMNb3wbCBw3KxtflsGBAwD3gYQlE/AEZsTLgToRrSCjb0Q==",
      "dev": true,
      "license": "MIT",
      "engines": {
        "node": ">=0.10.0"
      }
    }
  }
}
