{
  "name": "nanocodex-node-example",
  "version": "0.1.0",
  "lockfileVersion": 3,
  "requires": true,
  "packages": {
    "": {
      "name": "nanocodex-node-example",
      "version": "0.1.0",
      "dependencies": {
        "accounts": "^0.15.5",
        "mppx": "^0.8.14",
        "nanocodex": "file:../../js/bindings",
        "viem": "^2.55.8",
        "ws": "^8.18.3"
      },
      "engines": {
        "node": ">=22.13.0"
      }
    },
    "../../js/bindings": {
      "name": "nanocodex",
      "version": "0.3.0",
      "license": "MIT OR Apache-2.0",
      "dependencies": {
        "ws": "^8.18.3"
      },
      "devDependencies": {
        "pkg-pr-new": "0.0.79",
        "typescript": "5.9.3"
      },
      "engines": {
        "node": ">=22.13.0"
      }
    },
    "node_modules/@adraffy/ens-normalize": {
      "version": "1.11.1",
      "resolved": "https://registry.npmjs.org/@adraffy/ens-normalize/-/ens-normalize-1.11.1.tgz",
      "integrity": "sha512-nhCBV3quEgesuf7c7KYfperqSS14T8bYuvJ8PcLJp6znkZpFc0AuW4qBtr8eKVyPPe/8RSr7sglCWPU5eaxwKQ==",
      "license": "MIT"
    },
    "node_modules/@cfworker/json-schema": {
      "version": "4.1.1",
      "resolved": "https://registry.npmjs.org/@cfworker/json-schema/-/json-schema-4.1.1.tgz",
      "integrity": "sha512-gAmrUZSGtKc3AiBL71iNWxDsyUC5uMaKKGdvzYsBoTW/xi42JQHl7eKV2OYzCUqvc+D2RCcf7EXY2iCyFIk6og==",
      "license": "MIT"
    },
    "node_modules/@hono/node-server": {
      "version": "1.19.15",
      "resolved": "https://registry.npmjs.org/@hono/node-server/-/node-server-1.19.15.tgz",
      "integrity": "sha512-Za2ai6TLdKjUvnur+eenO6nuYYipVAEhyCAdaV8IRvmU9kK8crOZUSYvIXn72E4f8fJqyAbpcJuTsYYmZp9Deg==",
      "license": "MIT",
      "engines": {
        "node": ">=18.14.1"
      },
      "peerDependencies": {
        "hono": "^4"
      }
    },
    "node_modules/@modelcontextprotocol/server": {
      "version": "2.0.0-alpha.4",
      "resolved": "https://registry.npmjs.org/@modelcontextprotocol/server/-/server-2.0.0-alpha.4.tgz",
      "integrity": "sha512-/KEo3ZJ50HlagHp0lz2vPgfBZFtXHu6zTBXT9XqPc+4O9i4+IbBVWKq/a9yAfv/ifp0u3+mRo8SUk5kMKzhN8A==",
      "license": "MIT",
      "dependencies": {
        "zod": "^4.2.0"
      },
      "engines": {
        "node": ">=20"
      }
    },
    "node_modules/@noble/ciphers": {
      "version": "1.3.0",
      "resolved": "https://registry.npmjs.org/@noble/ciphers/-/ciphers-1.3.0.tgz",
      "integrity": "sha512-2I0gnIVPtfnMw9ee9h1dJG7tp81+8Ob3OJb3Mv37rx5L40/b0i7djjCVvGOVqc9AEIQyvyu1i6ypKdFw8R8gQw==",
      "license": "MIT",
      "engines": {
        "node": "^14.21.3 || >=16"
      },
      "funding": {
        "url": "https://paulmillr.com/funding/"
      }
    },
    "node_modules/@noble/curves": {
      "version": "1.9.1",
      "resolved": "https://registry.npmjs.org/@noble/curves/-/curves-1.9.1.tgz",
      "integrity": "sha512-k11yZxZg+t+gWvBbIswW0yoJlu8cHOC7dhunwOzoWH/mXGBiYyR4YY6hAEK/3EUs4UpB8la1RfdRpeGsFHkWsA==",
      "license": "MIT",
      "dependencies": {
        "@noble/hashes": "1.8.0"
      },
      "engines": {
        "node": "^14.21.3 || >=16"
      },
      "funding": {
        "url": "https://paulmillr.com/funding/"
      }
    },
    "node_modules/@noble/hashes": {
      "version": "1.8.0",
      "resolved": "https://registry.npmjs.org/@noble/hashes/-/hashes-1.8.0.tgz",
      "integrity": "sha512-jCs9ldd7NwzpgXDIf6P3+NrHh9/sD6CQdxHyjQI+h/6rDNo88ypBxxz45UDuZHz9r3tNz7N/VInSVoVdtXEI4A==",
      "license": "MIT",
      "engines": {
        "node": "^14.21.3 || >=16"
      },
      "funding": {
        "url": "https://paulmillr.com/funding/"
      }
    },
    "node_modules/@scalar/openapi-types": {
      "version": "0.8.0",
      "resolved": "https://registry.npmjs.org/@scalar/openapi-types/-/openapi-types-0.8.0.tgz",
      "integrity": "sha512-WmaxVSfvY5K/TwcG2B2TU1WOe1As1uc2s7myswtP6dBlcjU3hM08SApxv/jmyGaCE8t4gO5BBhmHY4pDUfmr2g==",
      "license": "MIT",
      "engines": {
        "node": ">=22"
      }
    },
    "node_modules/@scure/base": {
      "version": "1.2.6",
      "resolved": "https://registry.npmjs.org/@scure/base/-/base-1.2.6.tgz",
      "integrity": "sha512-g/nm5FgUa//MCj1gV09zTJTaM6KBAHqLN907YVQqf7zC49+DcO4B1so4ZX07Ef10Twr6nuqYEH9GEggFXA4Fmg==",
      "license": "MIT",
      "funding": {
        "url": "https://paulmillr.com/funding/"
      }
    },
    "node_modules/@scure/bip32": {
      "version": "1.7.0",
      "resolved": "https://registry.npmjs.org/@scure/bip32/-/bip32-1.7.0.tgz",
      "integrity": "sha512-E4FFX/N3f4B80AKWp5dP6ow+flD1LQZo/w8UnLGYZO674jS6YnYeepycOOksv+vLPSpgN35wgKgy+ybfTb2SMw==",
      "license": "MIT",
      "dependencies": {
        "@noble/curves": "~1.9.0",
        "@noble/hashes": "~1.8.0",
        "@scure/base": "~1.2.5"
      },
      "funding": {
        "url": "https://paulmillr.com/funding/"
      }
    },
    "node_modules/@scure/bip39": {
      "version": "1.6.0",
      "resolved": "https://registry.npmjs.org/@scure/bip39/-/bip39-1.6.0.tgz",
      "integrity": "sha512-+lF0BbLiJNwVlev4eKelw1WWLaiKXw7sSl8T6FvBlWkdX+94aGJ4o8XjUdlyhTCjd8c+B3KT3JfS8P0bLRNU6A==",
      "license": "MIT",
      "dependencies": {
        "@noble/hashes": "~1.8.0",
        "@scure/base": "~1.2.5"
      },
      "funding": {
        "url": "https://paulmillr.com/funding/"
      }
    },
    "node_modules/@stripe/stripe-js": {
      "version": "9.9.0",
      "resolved": "https://registry.npmjs.org/@stripe/stripe-js/-/stripe-js-9.9.0.tgz",
      "integrity": "sha512-Vwqe6Q5cU4i82tPyAv2BpaW/fQSNdOSO4/J8EeDLPp5/oIZiMmdB+Hgh863zFH+rtoxpuWGvD1L7QPh8k1Rdvw==",
      "license": "MIT",
      "engines": {
        "node": ">=12.16"
      }
    },
    "node_modules/@toon-format/toon": {
      "version": "2.3.1",
      "resolved": "https://registry.npmjs.org/@toon-format/toon/-/toon-2.3.1.tgz",
      "integrity": "sha512-sWqEMeAJGMda9qRrfPKrX3C4c33CO9SJuvJzzrcBEn5sbDB+k6pSLkDsfN0rVnLQwR97MV3sDgVbcxQNsq8xVw==",
      "license": "MIT"
    },
    "node_modules/abitype": {
      "version": "1.3.0",
      "resolved": "https://registry.npmjs.org/abitype/-/abitype-1.3.0.tgz",
      "integrity": "sha512-fk6Te+bojIFrMvMZrnOO+SxCB+RUksTGOzq/60ZRvs1L+BVzvi2bqt9L3W/17ZLdZsyM1FuYf65P5nlmoiH1Bg==",
      "license": "MIT",
      "funding": {
        "url": "https://github.com/sponsors/wevm"
      },
      "peerDependencies": {
        "typescript": ">=5.0.4",
        "zod": "^3.22.0 || ^4.0.0"
      },
      "peerDependenciesMeta": {
        "typescript": {
          "optional": true
        },
        "zod": {
          "optional": true
        }
      }
    },
    "node_modules/accounts": {
      "version": "0.15.5",
      "resolved": "https://registry.npmjs.org/accounts/-/accounts-0.15.5.tgz",
      "integrity": "sha512-HlLKcoZBYOm5TgWZIonZybNUu3pgb61AhxXH7bIKAJMh1e4zqkYfvH2GYKG1PDQHb0n5UsBijIf4tCHmgbBBhw==",
      "license": "MIT OR Apache-2.0",
      "dependencies": {
        "hono": "^4.12.27",
        "idb-keyval": "^6.2.2",
        "jose": "^6.2.3",
        "mipd": "^0.0.7",
        "mppx": "^0.8.6",
        "ox": "~0.14.30",
        "wata": "0.4.0",
        "webauthx": "~0.1.1",
        "zod": "^4.3.6",
        "zustand": "^5.0.12"
      },
      "peerDependencies": {
        "@privy-io/react-auth": ">=3.25.0",
        "@react-native-async-storage/async-storage": "^3.0.2",
        "@wagmi/core": ">=3.4.3",
        "expo-secure-store": "^55.0.12",
        "expo-web-browser": "^55.0.13",
        "react": ">=18",
        "react-native-mmkv": "^4.3.1",
        "react-native-nitro-modules": "^0.35.9",
        "viem": ">=2.54.0",
        "wagmi": ">=0.0.0"
      },
      "peerDependenciesMeta": {
        "@privy-io/react-auth": {
          "optional": true
        },
        "@react-native-async-storage/async-storage": {
          "optional": true
        },
        "@wagmi/core": {
          "optional": true
        },
        "expo-secure-store": {
          "optional": true
        },
        "expo-web-browser": {
          "optional": true
        },
        "react": {
          "optional": true
        },
        "react-native-mmkv": {
          "optional": true
        },
        "react-native-nitro-modules": {
          "optional": true
        },
        "viem": {
          "optional": true
        },
        "wagmi": {
          "optional": true
        }
      }
    },
    "node_modules/eventemitter3": {
      "version": "5.0.1",
      "resolved": "https://registry.npmjs.org/eventemitter3/-/eventemitter3-5.0.1.tgz",
      "integrity": "sha512-GWkBvjiSZK87ELrYOSESUYeVIc9mvLLf/nXalMOS5dYrgZq9o5OVkbZAVM06CVxYsCwH9BDZFPlQTlPA1j4ahA==",
      "license": "MIT"
    },
    "node_modules/eventsource-parser": {
      "version": "3.1.0",
      "resolved": "https://registry.npmjs.org/eventsource-parser/-/eventsource-parser-3.1.0.tgz",
      "integrity": "sha512-kJezFj9YFAMLeORyi7aCLxLbD5/qWMQnoMVlVPyHIll7lgRJCc3JVln9Vgl9nwQi0YkMnhdGTMNn7CkRRAptMg==",
      "license": "MIT",
      "engines": {
        "node": ">=18.0.0"
      }
    },
    "node_modules/hono": {
      "version": "4.12.31",
      "resolved": "https://registry.npmjs.org/hono/-/hono-4.12.31.tgz",
      "integrity": "sha512-zJIHFrl6bq3RDd2YusFNCDlM8qUprxKswyi/OPzPyzKDdyBXDqWx8bZlZ7R+saTdSTatUmb3O7K4SspGPaEOQg==",
      "license": "MIT",
      "engines": {
        "node": ">=16.9.0"
      }
    },
    "node_modules/idb-keyval": {
      "version": "6.3.0",
      "resolved": "https://registry.npmjs.org/idb-keyval/-/idb-keyval-6.3.0.tgz",
      "integrity": "sha512-um+2dgAWmYsu615EXpWVwSmapJhON0G43t3Ka/EVaohzPQXSMqKEqeDK/oIW3Ow+BXaF2PvSc+oBTFp793A5Ow==",
      "license": "Apache-2.0"
    },
    "node_modules/incur": {
      "version": "0.4.19",
      "resolved": "https://registry.npmjs.org/incur/-/incur-0.4.19.tgz",
      "integrity": "sha512-xSH6Y79oIeLwwiOp51MjXTyBzcNmP/gOQN+pCrjqG04UdAawZkKoqs6lpTto5c8ht1fGnGz8PADRJqdpf8mD2A==",
      "license": "MIT",
      "dependencies": {
        "@cfworker/json-schema": "^4.1.1",
        "@modelcontextprotocol/server": "2.0.0-alpha.4",
        "@scalar/openapi-types": "^0.8.0",
        "@toon-format/toon": "^2.1.0",
        "tokenx": "^1.3.0",
        "yaml": "^2.8.2",
        "zod": "^4.3.6"
      },
      "bin": {
        "incur": "dist/bin.js",
        "incur.src": "src/bin.ts"
      },
      "engines": {
        "node": ">=22"
      }
    },
    "node_modules/isows": {
      "version": "1.0.7",
      "resolved": "https://registry.npmjs.org/isows/-/isows-1.0.7.tgz",
      "integrity": "sha512-I1fSfDCZL5P0v33sVqeTDSpcstAg/N+wF5HS033mogOVIp4B+oHC7oOCsA3axAbBSGTJ8QubbNmnIRN/h8U7hg==",
      "funding": [
        {
          "type": "github",
          "url": "https://github.com/sponsors/wevm"
        }
      ],
      "license": "MIT",
      "peerDependencies": {
        "ws": "*"
      }
    },
    "node_modules/jose": {
      "version": "6.2.4",
      "resolved": "https://registry.npmjs.org/jose/-/jose-6.2.4.tgz",
      "integrity": "sha512-N8acGzVsQy6M/fjFcxtysNc4Q379TcM5dM/qKkNtsHFji88yANnXTr7BLeP75iPnFwBfQzM/jg2BZ9+HZrHCZA==",
      "license": "MIT",
      "funding": {
        "url": "https://github.com/sponsors/panva"
      }
    },
    "node_modules/mipd": {
      "version": "0.0.7",
      "resolved": "https://registry.npmjs.org/mipd/-/mipd-0.0.7.tgz",
      "integrity": "sha512-aAPZPNDQ3uMTdKbuO2YmAw2TxLHO0moa4YKAyETM/DTj5FloZo+a+8tU+iv4GmW+sOxKLSRwcSFuczk+Cpt6fg==",
      "funding": [
        {
          "type": "github",
          "url": "https://github.com/sponsors/wagmi-dev"
        }
      ],
      "license": "MIT",
      "peerDependencies": {
        "typescript": ">=5.0.4"
      },
      "peerDependenciesMeta": {
        "typescript": {
          "optional": true
        }
      }
    },
    "node_modules/mppx": {
      "version": "0.8.14",
      "resolved": "https://registry.npmjs.org/mppx/-/mppx-0.8.14.tgz",
      "integrity": "sha512-rXeq9HvU5oKtJ5K89WdO1s40uCsimGPxyaRnY44jxtctKL20Wd9WmQYRWIIab73ruMmM9KnvevN1BkDKGRI+7A==",
      "license": "MIT",
      "dependencies": {
        "@stripe/stripe-js": "9.9.0",
        "eventsource-parser": "3.1.0",
        "incur": "^0.4.10",
        "ox": "0.14.30",
        "zod": "^4.4.3"
      },
      "bin": {
        "mppx": "dist/bin.js",
        "mppx.src": "src/bin.ts"
      },
      "peerDependencies": {
        "@modelcontextprotocol/sdk": ">=1.25.0",
        "elysia": ">=1",
        "express": ">=5",
        "hono": ">=4.12.25",
        "viem": ">=2.54.0"
      },
      "peerDependenciesMeta": {
        "@modelcontextprotocol/sdk": {
          "optional": true
        },
        "elysia": {
          "optional": true
        },
        "express": {
          "optional": true
        },
        "hono": {
          "optional": true
        }
      }
    },
    "node_modules/mppx/node_modules/ox": {
      "version": "0.14.30",
      "resolved": "https://registry.npmjs.org/ox/-/ox-0.14.30.tgz",
      "integrity": "sha512-LI11uu+8iiM1B3CLckgd++YF1a0A2k5wDoM9ZeQMiL21BOzQs6L//BLS6hb1HSEKCyycdDIQLsVQx9MjpcC0hA==",
      "funding": [
        {
          "type": "github",
          "url": "https://github.com/sponsors/wevm"
        }
      ],
      "license": "MIT",
      "dependencies": {
        "@adraffy/ens-normalize": "^1.11.0",
        "@noble/ciphers": "^1.3.0",
        "@noble/curves": "1.9.1",
        "@noble/hashes": "^1.8.0",
        "@scure/bip32": "^1.7.0",
        "@scure/bip39": "^1.6.0",
        "abitype": "^1.2.3",
        "eventemitter3": "5.0.1"
      },
      "peerDependencies": {
        "typescript": ">=5.4.0"
      },
      "peerDependenciesMeta": {
        "typescript": {
          "optional": true
        }
      }
    },
    "node_modules/nanocodex": {
      "resolved": "../../js/bindings",
      "link": true
    },
    "node_modules/ox": {
      "version": "0.14.33",
      "resolved": "https://registry.npmjs.org/ox/-/ox-0.14.33.tgz",
      "integrity": "sha512-rooA/4o7bBof4Ge2VH/eovfNPb/AEEYyrNj03wggc55g5HZD8Pjs/OeWhttgjic3dDcqn0r29bDuvQEdTiUemQ==",
      "funding": [
        {
          "type": "github",
          "url": "https://github.com/sponsors/wevm"
        }
      ],
      "license": "MIT",
      "dependencies": {
        "@adraffy/ens-normalize": "^1.11.0",
        "@noble/ciphers": "^1.3.0",
        "@noble/curves": "1.9.1",
        "@noble/hashes": "^1.8.0",
        "@scure/bip32": "^1.7.0",
        "@scure/bip39": "^1.6.0",
        "abitype": "^1.2.3",
        "eventemitter3": "5.0.1"
      },
      "peerDependencies": {
        "typescript": ">=5.4.0"
      },
      "peerDependenciesMeta": {
        "typescript": {
          "optional": true
        }
      }
    },
    "node_modules/tokenx": {
      "version": "1.3.0",
      "resolved": "https://registry.npmjs.org/tokenx/-/tokenx-1.3.0.tgz",
      "integrity": "sha512-NLdXTEZkKiO0gZuLtMoZKjCXTREXeZZt8nnnNeyoXtNZAfG/GKGSbQtLU5STspc0rMSwcA+UJfWZkbNU01iKmQ==",
      "license": "MIT"
    },
    "node_modules/viem": {
      "version": "2.55.8",
      "resolved": "https://registry.npmjs.org/viem/-/viem-2.55.8.tgz",
      "integrity": "sha512-BHqtsmK4iMLuLnRyrPIB1jVrmFVliRIP/K0dnFT7gBOpfo8Ko4ozhkzUCRNfR+Z/ZZdnlnVrh04fAOuIm5Svkg==",
      "funding": [
        {
          "type": "github",
          "url": "https://github.com/sponsors/wevm"
        }
      ],
      "license": "MIT",
      "dependencies": {
        "@noble/curves": "1.9.1",
        "@noble/hashes": "1.8.0",
        "@scure/bip32": "1.7.0",
        "@scure/bip39": "1.6.0",
        "abitype": "1.2.3",
        "isows": "1.0.7",
        "ox": "0.14.32",
        "ws": "8.21.0"
      },
      "peerDependencies": {
        "typescript": ">=5.0.4"
      },
      "peerDependenciesMeta": {
        "typescript": {
          "optional": true
        }
      }
    },
    "node_modules/viem/node_modules/abitype": {
      "version": "1.2.3",
      "resolved": "https://registry.npmjs.org/abitype/-/abitype-1.2.3.tgz",
      "integrity": "sha512-Ofer5QUnuUdTFsBRwARMoWKOH1ND5ehwYhJ3OJ/BQO+StkwQjHw0XyVh4vDttzHB7QOFhPHa/o413PJ82gU/Tg==",
      "license": "MIT",
      "funding": {
        "url": "https://github.com/sponsors/wevm"
      },
      "peerDependencies": {
        "typescript": ">=5.0.4",
        "zod": "^3.22.0 || ^4.0.0"
      },
      "peerDependenciesMeta": {
        "typescript": {
          "optional": true
        },
        "zod": {
          "optional": true
        }
      }
    },
    "node_modules/viem/node_modules/ox": {
      "version": "0.14.32",
      "resolved": "https://registry.npmjs.org/ox/-/ox-0.14.32.tgz",
      "integrity": "sha512-EPB214GvtsP2TtAYZXkNdizLzGp6PXtfaHcRrD4pcBk/D0Y7ZCNv71QgwrjeCsZ+82moVeMlZZG+NDEIUfxMpw==",
      "funding": [
        {
          "type": "github",
          "url": "https://github.com/sponsors/wevm"
        }
      ],
      "license": "MIT",
      "dependencies": {
        "@adraffy/ens-normalize": "^1.11.0",
        "@noble/ciphers": "^1.3.0",
        "@noble/curves": "1.9.1",
        "@noble/hashes": "^1.8.0",
        "@scure/bip32": "^1.7.0",
        "@scure/bip39": "^1.6.0",
        "abitype": "^1.2.3",
        "eventemitter3": "5.0.1"
      },
      "peerDependencies": {
        "typescript": ">=5.4.0"
      },
      "peerDependenciesMeta": {
        "typescript": {
          "optional": true
        }
      }
    },
    "node_modules/viem/node_modules/ws": {
      "version": "8.21.0",
      "resolved": "https://registry.npmjs.org/ws/-/ws-8.21.0.tgz",
      "integrity": "sha512-Vsp28b7DRcimFQvrqu2Wek3z1iYxDCWqHYB8Qsnk/S4RfaCQzPGPyBNuVjJV3cd6UiKtUtp6sNM77gWvzcCH+g==",
      "license": "MIT",
      "engines": {
        "node": ">=10.0.0"
      },
      "peerDependencies": {
        "bufferutil": "^4.0.1",
        "utf-8-validate": ">=5.0.2"
      },
      "peerDependenciesMeta": {
        "bufferutil": {
          "optional": true
        },
        "utf-8-validate": {
          "optional": true
        }
      }
    },
    "node_modules/wata": {
      "version": "0.4.0",
      "resolved": "https://registry.npmjs.org/wata/-/wata-0.4.0.tgz",
      "integrity": "sha512-VpO6aG6COD/TmiGEhSO4SzV8eWfOEgKUKWTT339xRQIfIiQWAlJ1c6WQ0DM8bMaaRnUNHegsdg1rt+u21xwqLg==",
      "license": "MIT",
      "dependencies": {
        "@hono/node-server": "^1.13.7",
        "@noble/ciphers": "^2.2.0",
        "@noble/hashes": "^2.2.0",
        "hono": "^4.6.14",
        "ox": "~0.14.20",
        "zod": "^4.4.3"
      },
      "peerDependencies": {
        "expo-crypto": "*",
        "react": ">=18"
      },
      "peerDependenciesMeta": {
        "expo-crypto": {
          "optional": true
        },
        "react": {
          "optional": true
        }
      }
    },
    "node_modules/wata/node_modules/@noble/ciphers": {
      "version": "2.2.0",
      "resolved": "https://registry.npmjs.org/@noble/ciphers/-/ciphers-2.2.0.tgz",
      "integrity": "sha512-Z6pjIZ/8IJcCGzb2S/0Px5J81yij85xASuk1teLNeg75bfT07MV3a/O2Mtn1I2se43k3lkVEcFaR10N4cgQcZA==",
      "license": "MIT",
      "engines": {
        "node": ">= 20.19.0"
      },
      "funding": {
        "url": "https://paulmillr.com/funding/"
      }
    },
    "node_modules/wata/node_modules/@noble/hashes": {
      "version": "2.2.0",
      "resolved": "https://registry.npmjs.org/@noble/hashes/-/hashes-2.2.0.tgz",
      "integrity": "sha512-IYqDGiTXab6FniAgnSdZwgWbomxpy9FtYvLKs7wCUs2a8RkITG+DFGO1DM9cr+E3/RgADRpFjrKVaJ1z6sjtEg==",
      "license": "MIT",
      "engines": {
        "node": ">= 20.19.0"
      },
      "funding": {
        "url": "https://paulmillr.com/funding/"
      }
    },
    "node_modules/webauthx": {
      "version": "0.1.2",
      "resolved": "https://registry.npmjs.org/webauthx/-/webauthx-0.1.2.tgz",
      "integrity": "sha512-J0H9/BOW/aRtWa/rKsGjf1+YQ5xkfgycTT455fsHyqG4+hYJ5dPDrNcIXrjGnjBKGru/qxY75m68iHg27rHoUg==",
      "license": "MIT",
      "dependencies": {
        "ox": "~0.14.11"
      }
    },
    "node_modules/ws": {
      "version": "8.21.1",
      "resolved": "https://registry.npmjs.org/ws/-/ws-8.21.1.tgz",
      "integrity": "sha512-+0NTnW77fFN/DjQi6k/Sq/Yvk4Sgajw7urW8V+asjXnRgDs9gyGkdb7EzgfhA4goXsRIZKE28fzIXBHEzhuiWw==",
      "license": "MIT",
      "engines": {
        "node": ">=10.0.0"
      },
      "peerDependencies": {
        "bufferutil": "^4.0.1",
        "utf-8-validate": ">=5.0.2"
      },
      "peerDependenciesMeta": {
        "bufferutil": {
          "optional": true
        },
        "utf-8-validate": {
          "optional": true
        }
      }
    },
    "node_modules/yaml": {
      "version": "2.9.0",
      "resolved": "https://registry.npmjs.org/yaml/-/yaml-2.9.0.tgz",
      "integrity": "sha512-2AvhNX3mb8zd6Zy7INTtSpl1F15HW6Wnqj0srWlkKLcpYl/gMIMJiyuGq2KeI2YFxUPjdlB+3Lc10seMLtL4cA==",
      "license": "ISC",
      "bin": {
        "yaml": "bin.mjs"
      },
      "engines": {
        "node": ">= 14.6"
      },
      "funding": {
        "url": "https://github.com/sponsors/eemeli"
      }
    },
    "node_modules/zod": {
      "version": "4.4.3",
      "resolved": "https://registry.npmjs.org/zod/-/zod-4.4.3.tgz",
      "integrity": "sha512-ytENFjIJFl2UwYglde2jchW2Hwm4GJFLDiSXWdTrJQBIN9Fcyp7n4DhxJEiWNAJMV1/BqWfW/kkg71UDcHJyTQ==",
      "license": "MIT",
      "funding": {
        "url": "https://github.com/sponsors/colinhacks"
      }
    },
    "node_modules/zustand": {
      "version": "5.0.14",
      "resolved": "https://registry.npmjs.org/zustand/-/zustand-5.0.14.tgz",
      "integrity": "sha512-/8tAspM5LMPr28b3fwLYrtdj77ECpfZviaP75CMTnwO8ISyaE4GDIG/9rDDYq/cH9D2Xw2A2RXglLInmVBQB/g==",
      "license": "MIT",
      "engines": {
        "node": ">=12.20.0"
      },
      "peerDependencies": {
        "@types/react": ">=18.0.0",
        "immer": ">=9.0.6",
        "react": ">=18.0.0",
        "use-sync-external-store": ">=1.2.0"
      },
      "peerDependenciesMeta": {
        "@types/react": {
          "optional": true
        },
        "immer": {
          "optional": true
        },
        "react": {
          "optional": true
        },
        "use-sync-external-store": {
          "optional": true
        }
      }
    }
  }
}
