{
  "name": "nanocodex",
  "version": "0.3.0",
  "lockfileVersion": 3,
  "requires": true,
  "packages": {
    "": {
      "name": "nanocodex",
      "version": "0.3.0",
      "license": "MIT OR Apache-2.0",
      "dependencies": {
        "ws": "^8.18.3"
      },
      "devDependencies": {
        "pkg-pr-new": "0.0.79",
        "typescript": "5.9.3"
      },
      "engines": {
        "node": ">=22.13.0"
      }
    },
    "node_modules/pkg-pr-new": {
      "version": "0.0.79",
      "resolved": "https://registry.npmjs.org/pkg-pr-new/-/pkg-pr-new-0.0.79.tgz",
      "integrity": "sha512-ip74NzaakGZha5s/X1T7j+Ez9/bRNDhzxQZTfnzAzoI7zO9JnMRdoiIfCLyy+ZzxxXg8WXRW2WcdvdORI0O30w==",
      "dev": true,
      "license": "MIT",
      "bin": {
        "pkg-pr-new": "bin/cli.js"
      }
    },
    "node_modules/typescript": {
      "version": "5.9.3",
      "resolved": "https://registry.npmjs.org/typescript/-/typescript-5.9.3.tgz",
      "integrity": "sha512-jl1vZzPDinLr9eUt3J/t7V6FgNEw9QjvBPdysz9KfQDD41fQrC2Y4vKQdiaUpFT4bXlb1RHhLpp8wtm6M5TgSw==",
      "dev": true,
      "license": "Apache-2.0",
      "bin": {
        "tsc": "bin/tsc",
        "tsserver": "bin/tsserver"
      },
      "engines": {
        "node": ">=14.17"
      }
    },
    "node_modules/ws": {
      "version": "8.21.1",
      "resolved": "https://registry.npmjs.org/ws/-/ws-8.21.1.tgz",
      "integrity": "sha512-+0NTnW77fFN/DjQi6k/Sq/Yvk4Sgajw7urW8V+asjXnRgDs9gyGkdb7EzgfhA4goXsRIZKE28fzIXBHEzhuiWw==",
      "license": "MIT",
      "engines": {
        "node": ">=10.0.0"
      },
      "peerDependencies": {
        "bufferutil": "^4.0.1",
        "utf-8-validate": ">=5.0.2"
      },
      "peerDependenciesMeta": {
        "bufferutil": {
          "optional": true
        },
        "utf-8-validate": {
          "optional": true
        }
      }
    }
  }
}
